
Microsoft Visual Studio Solution File, Format Version 12.00
# Visual Studio Version 17
VisualStudioVersion = 17.14.36518.9 d17.14
MinimumVisualStudioVersion = 10.0.40219.1
Project("{FAE04EC0-301F-11D3-BF4B-00C04F79EFBC}") = "FileSystem", "FileSystem\FileSystem.csproj", "{BD266EE8-5C07-4D10-9B3B-3D7616CC7AA9}"
EndProject
Global
	GlobalSection(SolutionConfigurationPlatforms) = preSolution
		Debug|Any CPU = Debug|Any CPU
		Release|Any CPU = Release|Any CPU
	EndGlobalSection
	GlobalSection(ProjectConfigurationPlatforms) = postSolution
		{BD266EE8-5C07-4D10-9B3B-3D7616CC7AA9}.Debug|Any CPU.ActiveCfg = Debug|Any CPU
		{BD266EE8-5C07-4D10-9B3B-3D7616CC7AA9}.Debug|Any CPU.Build.0 = Debug|Any CPU
		{BD266EE8-5C07-4D10-9B3B-3D7616CC7AA9}.Release|Any CPU.ActiveCfg = Release|Any CPU
		{BD266EE8-5C07-4D10-9B3B-3D7616CC7AA9}.Release|Any CPU.Build.0 = Release|Any CPU
	EndGlobalSection
	GlobalSection(SolutionProperties) = preSolution
		HideSolutionNode = FALSE
	EndGlobalSection
	GlobalSection(ExtensibilityGlobals) = postSolution
		SolutionGuid = {553801A4-2E2A-4ABE-A7E3-0BD5870384D5}
	EndGlobalSection
EndGlobal
